<?xml version="1.0" encoding="utf-8"?>
<Project ToolsVersion="4.0" xmlns="http://schemas.microsoft.com/developer/msbuild/2003">
  <ItemGroup>
    <Filter Include="Source Files">
      <UniqueIdentifier>{4FC737F1-C7A5-4376-A066-2A32D752A2FF}</UniqueIdentifier>
      <Extensions>cpp;c;cc;cxx;def;odl;idl;hpj;bat;asm;asmx</Extensions>
    </Filter>
    <Filter Include="Resource Files">
      <UniqueIdentifier>{67DA6AB6-F800-4c08-8B7A-83BB121AAD01}</UniqueIdentifier>
      <Extensions>rc;ico;cur;bmp;dlg;rc2;rct;bin;rgs;gif;jpg;jpeg;jpe;resx;tiff;tif;png;wav;mfcribbon-ms</Extensions>
    </Filter>
    <Filter Include="Source Files\framework">
      <UniqueIdentifier>{e46c2597-01a7-4f9f-a086-35a6ef390b18}</UniqueIdentifier>
    </Filter>
    <Filter Include="Source Files\example">
      <UniqueIdentifier>{faff3778-3b4f-460d-8009-713368c0dfd8}</UniqueIdentifier>
    </Filter>
  </ItemGroup>
  <ItemGroup>
    <Text Include="ReadMe.txt" />
  </ItemGroup>
  <ItemGroup>
    <ClInclude Include="AlgoModule.h">
      <Filter>Source Files\framework</Filter>
    </ClInclude>
    <ClInclude Include="AlgoSettings.h">
      <Filter>Source Files\framework</Filter>
    </ClInclude>
    <ClInclude Include="AlgoSettingsFactory.h">
      <Filter>Source Files\framework</Filter>
    </ClInclude>
    <ClInclude Include="AlgoTraits.h">
      <Filter>Source Files\framework</Filter>
    </ClInclude>
    <ClInclude Include="serializable.h">
      <Filter>Source Files\framework</Filter>
    </ClInclude>
    <ClInclude Include="stdafx.h">
      <Filter>Source Files</Filter>
    </ClInclude>
    <ClInclude Include="targetver.h">
      <Filter>Source Files</Filter>
    </ClInclude>
    <ClInclude Include="SignalFactory.h">
      <Filter>Source Files\framework</Filter>
    </ClInclude>
    <ClInclude Include="SignalBase.h">
      <Filter>Source Files\framework</Filter>
    </ClInclude>
    <ClInclude Include="Introspector.h">
      <Filter>Source Files\framework</Filter>
    </ClInclude>
    <ClInclude Include="Versioned.h">
      <Filter>Source Files\framework</Filter>
    </ClInclude>
    <ClInclude Include="Signal.h">
      <Filter>Source Files\framework</Filter>
    </ClInclude>
    <ClInclude Include="InputSettings.h">
      <Filter>Source Files\framework</Filter>
    </ClInclude>
    <ClInclude Include="AlgoSequencer.h">
      <Filter>Source Files\framework</Filter>
    </ClInclude>
    <ClInclude Include="ResultCollector.h">
      <Filter>Source Files\framework</Filter>
    </ClInclude>
    <ClInclude Include="SettingsManager.h">
      <Filter>Source Files\framework</Filter>
    </ClInclude>
    <ClInclude Include="AlgoFramework.h">
      <Filter>Source Files\framework</Filter>
    </ClInclude>
  </ItemGroup>
  <ItemGroup>
    <ClCompile Include="stdafx.cpp">
      <Filter>Source Files</Filter>
    </ClCompile>
    <ClCompile Include="PrototypeAlgoEngine.cpp">
      <Filter>Source Files</Filter>
    </ClCompile>
    <ClCompile Include="AlgoModule.cpp">
      <Filter>Source Files\framework</Filter>
    </ClCompile>
    <ClCompile Include="AlgoFramework.cpp">
      <Filter>Source Files\framework</Filter>
    </ClCompile>
    <ClCompile Include="AlgoSettings.cpp">
      <Filter>Source Files\framework</Filter>
    </ClCompile>
  </ItemGroup>
</Project>